
Microsoft Visual Studio Solution File, Format Version 12.00
# Visual Studio Version 17
VisualStudioVersion = 17.5.33502.453
MinimumVisualStudioVersion = 10.0.40219.1
Project("{9A19103F-16F7-4668-BE54-9A1E7A4F7556}") = "Pon.Site.Net.Api", "Pon.Site.Net.Api\Pon.Site.Net.Api.csproj", "{D2F531BA-3EE9-492F-B17A-DBB7F5044E86}"
EndProject
Project("{FAE04EC0-301F-11D3-BF4B-00C04F79EFBC}") = "Pon.Site.Net.Web", "Pon.Site.Net.Web\Pon.Site.Net.Web.csproj", "{92AFE5EF-40ED-40A2-B8F6-F2C973E67855}"
EndProject
Global
	GlobalSection(SolutionConfigurationPlatforms) = preSolution
		Debug|Any CPU = Debug|Any CPU
		Release|Any CPU = Release|Any CPU
	EndGlobalSection
	GlobalSection(ProjectConfigurationPlatforms) = postSolution
		{D2F531BA-3EE9-492F-B17A-DBB7F5044E86}.Debug|Any CPU.ActiveCfg = Debug|Any CPU
		{D2F531BA-3EE9-492F-B17A-DBB7F5044E86}.Debug|Any CPU.Build.0 = Debug|Any CPU
		{D2F531BA-3EE9-492F-B17A-DBB7F5044E86}.Release|Any CPU.ActiveCfg = Release|Any CPU
		{D2F531BA-3EE9-492F-B17A-DBB7F5044E86}.Release|Any CPU.Build.0 = Release|Any CPU
		{92AFE5EF-40ED-40A2-B8F6-F2C973E67855}.Debug|Any CPU.ActiveCfg = Debug|Any CPU
		{92AFE5EF-40ED-40A2-B8F6-F2C973E67855}.Debug|Any CPU.Build.0 = Debug|Any CPU
		{92AFE5EF-40ED-40A2-B8F6-F2C973E67855}.Release|Any CPU.ActiveCfg = Release|Any CPU
		{92AFE5EF-40ED-40A2-B8F6-F2C973E67855}.Release|Any CPU.Build.0 = Release|Any CPU
	EndGlobalSection
	GlobalSection(SolutionProperties) = preSolution
		HideSolutionNode = FALSE
	EndGlobalSection
	GlobalSection(ExtensibilityGlobals) = postSolution
		SolutionGuid = {92EA750F-F4E1-435C-A2C5-969CE7548293}
	EndGlobalSection
EndGlobal
